
Microsoft Visual Studio Solution File, Format Version 12.00
# Visual Studio Version 16
VisualStudioVersion = 16.0.31702.278
MinimumVisualStudioVersion = 10.0.40219.1
Project("{FAE04EC0-301F-11D3-BF4B-00C04F79EFBC}") = "DayToDate.Tests", "DayToDate.Tests\DayToDate.Tests.csproj", "{F95BBC34-9FA9-4122-A69D-0E4D7FCC3876}"
EndProject
Project("{FAE04EC0-301F-11D3-BF4B-00C04F79EFBC}") = "DayToDate.Srv", "DayToDate.Srv\DayToDate.Srv.csproj", "{AEC4315D-6EAD-45C9-A770-7EA45B7FEE76}"
EndProject
Global
	GlobalSection(SolutionConfigurationPlatforms) = preSolution
		Debug|Any CPU = Debug|Any CPU
		Release|Any CPU = Release|Any CPU
	EndGlobalSection
	GlobalSection(ProjectConfigurationPlatforms) = postSolution
		{F95BBC34-9FA9-4122-A69D-0E4D7FCC3876}.Debug|Any CPU.ActiveCfg = Debug|Any CPU
		{F95BBC34-9FA9-4122-A69D-0E4D7FCC3876}.Debug|Any CPU.Build.0 = Debug|Any CPU
		{F95BBC34-9FA9-4122-A69D-0E4D7FCC3876}.Release|Any CPU.ActiveCfg = Release|Any CPU
		{F95BBC34-9FA9-4122-A69D-0E4D7FCC3876}.Release|Any CPU.Build.0 = Release|Any CPU
		{AEC4315D-6EAD-45C9-A770-7EA45B7FEE76}.Debug|Any CPU.ActiveCfg = Debug|Any CPU
		{AEC4315D-6EAD-45C9-A770-7EA45B7FEE76}.Debug|Any CPU.Build.0 = Debug|Any CPU
		{AEC4315D-6EAD-45C9-A770-7EA45B7FEE76}.Release|Any CPU.ActiveCfg = Release|Any CPU
		{AEC4315D-6EAD-45C9-A770-7EA45B7FEE76}.Release|Any CPU.Build.0 = Release|Any CPU
	EndGlobalSection
	GlobalSection(SolutionProperties) = preSolution
		HideSolutionNode = FALSE
	EndGlobalSection
	GlobalSection(ExtensibilityGlobals) = postSolution
		SolutionGuid = {D0B6C84D-69A5-4577-B415-D404AE0C6E90}
	EndGlobalSection
EndGlobal
